<?xml version="1.0" encoding="utf-8"?>
<Project ToolsVersion="4.0" xmlns="http://schemas.microsoft.com/developer/msbuild/2003">
  <ItemGroup>
    <Filter Include="src">
      <UniqueIdentifier>{4fc737f1-c7a5-4376-a066-2a32d752a2ff}</UniqueIdentifier>
    </Filter>
    <Filter Include="src\pdb">
      <UniqueIdentifier>{a1b2c3d4-0001-4000-8000-000000000001}</UniqueIdentifier>
    </Filter>
    <Filter Include="src\dumper">
      <UniqueIdentifier>{a1b2c3d4-0002-4000-8000-000000000002}</UniqueIdentifier>
    </Filter>
  </ItemGroup>
  <ItemGroup>
    <ClCompile Include="..\src\io.cpp">
      <Filter>src</Filter>
    </ClCompile>
    <ClCompile Include="..\src\pdb\writer.cpp">
      <Filter>src\pdb</Filter>
    </ClCompile>
    <ClCompile Include="..\src\pdb\pe.cpp">
      <Filter>src\pdb</Filter>
    </ClCompile>
    <ClCompile Include="..\src\main.cpp">
      <Filter>src</Filter>
    </ClCompile>
  </ItemGroup>
  <ItemGroup>
    <ClInclude Include="..\src\io.hpp">
      <Filter>src</Filter>
    </ClInclude>
    <ClInclude Include="..\src\pdb\proc.hpp">
      <Filter>src\pdb</Filter>
    </ClInclude>
    <ClInclude Include="..\src\pdb\writer.hpp">
      <Filter>src\pdb</Filter>
    </ClInclude>
    <ClInclude Include="..\src\pdb\pe.hpp">
      <Filter>src\pdb</Filter>
    </ClInclude>
  </ItemGroup>
</Project>
